{
  "name": "dsh-llm-grok-oauth",
  "version": "0.2.10",
  "lockfileVersion": 3,
  "requires": true,
  "packages": {
    "": {
      "name": "dsh-llm-grok-oauth",
      "version": "0.2.10",
      "license": "MIT",
      "dependencies": {
        "undici": "^7.29.0"
      },
      "peerDependencies": {
        "@deepseek-ai/cordis": "*",
        "@deepseek-ai/dsh-credentials": "*",
        "@deepseek-ai/dsh-llm": "*",
        "@deepseek-ai/dsh-settings": "*",
        "@deepseek-ai/schemastery": "*"
      },
      "peerDependenciesMeta": {
        "@deepseek-ai/cordis": {
          "optional": true
        },
        "@deepseek-ai/dsh-credentials": {
          "optional": true
        },
        "@deepseek-ai/dsh-llm": {
          "optional": true
        },
        "@deepseek-ai/dsh-settings": {
          "optional": true
        },
        "@deepseek-ai/schemastery": {
          "optional": true
        }
      }
    },
    "node_modules/undici": {
      "version": "7.29.0",
      "resolved": "https://registry.npmjs.org/undici/-/undici-7.29.0.tgz",
      "integrity": "sha512-IDxfleLmmbSskfWSUATiN1nfn2rDuvnMOqb5CWR92iIfojA0Ud+ulOAAEQ57LPr9rWmsreUyf5lwyao+7GNNVw==",
      "license": "MIT",
      "engines": {
        "node": ">=20.18.1"
      }
    }
  }
}
